<?xml version="1.0" encoding="utf-8"?>
<Project ToolsVersion="4.0" xmlns="http://schemas.microsoft.com/developer/msbuild/2003">
  <ItemGroup>
    <Filter Include="source">
      <UniqueIdentifier>{ec3a8c3f-8c18-4d5c-a42a-8aab5fc45430}</UniqueIdentifier>
    </Filter>
    <Filter Include="headers">
      <UniqueIdentifier>{b6ff65e9-e901-4f52-b269-41ea83f143b0}</UniqueIdentifier>
    </Filter>
  </ItemGroup>
  <ItemGroup>
    <ClCompile Include="..\..\code\source\main.cpp">
      <Filter>source</Filter>
    </ClCompile>
    <ClCompile Include="..\..\code\source\View.cpp">
      <Filter>source</Filter>
    </ClCompile>
    <ClCompile Include="..\..\code\source\Model3D.cpp">
      <Filter>source</Filter>
    </ClCompile>
    <ClCompile Include="..\..\code\source\Material.cpp">
      <Filter>source</Filter>
    </ClCompile>
    <ClCompile Include="..\..\code\source\Mesh.cpp">
      <Filter>source</Filter>
    </ClCompile>
    <ClCompile Include="..\..\code\source\Camera.cpp">
      <Filter>source</Filter>
    </ClCompile>
    <ClCompile Include="..\..\code\headers\Transform.cpp" />
  </ItemGroup>
  <ItemGroup>
    <ClInclude Include="..\..\code\headers\Color_Buffer.hpp">
      <Filter>headers</Filter>
    </ClInclude>
    <ClInclude Include="..\..\code\headers\Color_Buffer_Rgb565.hpp">
      <Filter>headers</Filter>
    </ClInclude>
    <ClInclude Include="..\..\code\headers\Color_Buffer_Rgba8888.hpp">
      <Filter>headers</Filter>
    </ClInclude>
    <ClInclude Include="..\..\code\headers\Rasterizer.hpp">
      <Filter>headers</Filter>
    </ClInclude>
    <ClInclude Include="..\..\code\headers\View.hpp">
      <Filter>headers</Filter>
    </ClInclude>
    <ClInclude Include="..\..\code\headers\Model3D.hpp">
      <Filter>headers</Filter>
    </ClInclude>
    <ClInclude Include="..\..\code\headers\Material.h">
      <Filter>headers</Filter>
    </ClInclude>
    <ClInclude Include="..\..\code\headers\Mesh.h">
      <Filter>headers</Filter>
    </ClInclude>
    <ClInclude Include="..\..\code\headers\Camera.hpp">
      <Filter>headers</Filter>
    </ClInclude>
    <ClInclude Include="..\..\code\headers\Math.hpp">
      <Filter>headers</Filter>
    </ClInclude>
    <ClInclude Include="..\..\code\headers\SutherlandHodgmanClipping.hpp">
      <Filter>headers</Filter>
    </ClInclude>
    <ClInclude Include="..\..\code\headers\Transform.hpp">
      <Filter>headers</Filter>
    </ClInclude>
  </ItemGroup>
</Project>